
Microsoft Visual Studio Solution File, Format Version 12.00
# Visual Studio Version 17
VisualStudioVersion = 17.14.36109.1
MinimumVisualStudioVersion = 10.0.40219.1
Project("{FAE04EC0-301F-11D3-BF4B-00C04F79EFBC}") = "Roblox.Nonce.Service", "services\nonce-service\src\Roblox.Nonce.Service.csproj", "{16FC7F4E-35EF-99C4-A815-741252F046B7}"
EndProject
Project("{FAE04EC0-301F-11D3-BF4B-00C04F79EFBC}") = "Roblox.Nonce", "libs\nonce\src\Roblox.Nonce.csproj", "{3748445C-9017-1151-85E9-62C4BBDA497C}"
EndProject
Global
	GlobalSection(SolutionConfigurationPlatforms) = preSolution
		Debug|Any CPU = Debug|Any CPU
		Release|Any CPU = Release|Any CPU
	EndGlobalSection
	GlobalSection(ProjectConfigurationPlatforms) = postSolution
		{16FC7F4E-35EF-99C4-A815-741252F046B7}.Debug|Any CPU.ActiveCfg = Debug|Any CPU
		{16FC7F4E-35EF-99C4-A815-741252F046B7}.Debug|Any CPU.Build.0 = Debug|Any CPU
		{16FC7F4E-35EF-99C4-A815-741252F046B7}.Release|Any CPU.ActiveCfg = Release|Any CPU
		{16FC7F4E-35EF-99C4-A815-741252F046B7}.Release|Any CPU.Build.0 = Release|Any CPU
		{3748445C-9017-1151-85E9-62C4BBDA497C}.Debug|Any CPU.ActiveCfg = Debug|Any CPU
		{3748445C-9017-1151-85E9-62C4BBDA497C}.Debug|Any CPU.Build.0 = Debug|Any CPU
		{3748445C-9017-1151-85E9-62C4BBDA497C}.Release|Any CPU.ActiveCfg = Release|Any CPU
		{3748445C-9017-1151-85E9-62C4BBDA497C}.Release|Any CPU.Build.0 = Release|Any CPU
	EndGlobalSection
	GlobalSection(SolutionProperties) = preSolution
		HideSolutionNode = FALSE
	EndGlobalSection
	GlobalSection(ExtensibilityGlobals) = postSolution
		SolutionGuid = {D1D1572E-D1F9-416A-AB3B-B52FDB0A7AC4}
	EndGlobalSection
EndGlobal
